
Microsoft Visual Studio Solution File, Format Version 12.00
# Visual Studio Version 17
VisualStudioVersion = 17.0.31612.314
MinimumVisualStudioVersion = 10.0.40219.1
Project("{9A19103F-16F7-4668-BE54-9A1E7A4F7556}") = "MyProject", "MyProject\MyProject.csproj", "{85A7C213-B8F5-4744-ABC2-BF3CECA84BF8}"
EndProject
Project("{9A19103F-16F7-4668-BE54-9A1E7A4F7556}") = "MyProject.GUI", "MyProject.GUI\MyProject.GUI.csproj", "{C9CBD2D4-BF92-42A6-A2A3-7C7CC44B685C}"
EndProject
Project("{9A19103F-16F7-4668-BE54-9A1E7A4F7556}") = "MyProject.Tests", "MyProject.Tests\MyProject.Tests.csproj", "{4E7E063F-69DA-47D8-BC2E-D053F88EE492}"
EndProject
Global
	GlobalSection(SolutionConfigurationPlatforms) = preSolution
		Debug|Any CPU = Debug|Any CPU
		Release|Any CPU = Release|Any CPU
	EndGlobalSection
	GlobalSection(ProjectConfigurationPlatforms) = postSolution
		{85A7C213-B8F5-4744-ABC2-BF3CECA84BF8}.Debug|Any CPU.ActiveCfg = Debug|Any CPU
		{85A7C213-B8F5-4744-ABC2-BF3CECA84BF8}.Debug|Any CPU.Build.0 = Debug|Any CPU
		{85A7C213-B8F5-4744-ABC2-BF3CECA84BF8}.Release|Any CPU.ActiveCfg = Release|Any CPU
		{85A7C213-B8F5-4744-ABC2-BF3CECA84BF8}.Release|Any CPU.Build.0 = Release|Any CPU
		{C9CBD2D4-BF92-42A6-A2A3-7C7CC44B685C}.Debug|Any CPU.ActiveCfg = Debug|Any CPU
		{C9CBD2D4-BF92-42A6-A2A3-7C7CC44B685C}.Debug|Any CPU.Build.0 = Debug|Any CPU
		{C9CBD2D4-BF92-42A6-A2A3-7C7CC44B685C}.Release|Any CPU.ActiveCfg = Release|Any CPU
		{C9CBD2D4-BF92-42A6-A2A3-7C7CC44B685C}.Release|Any CPU.Build.0 = Release|Any CPU
		{4E7E063F-69DA-47D8-BC2E-D053F88EE492}.Debug|Any CPU.ActiveCfg = Debug|Any CPU
		{4E7E063F-69DA-47D8-BC2E-D053F88EE492}.Debug|Any CPU.Build.0 = Debug|Any CPU
		{4E7E063F-69DA-47D8-BC2E-D053F88EE492}.Release|Any CPU.ActiveCfg = Release|Any CPU
		{4E7E063F-69DA-47D8-BC2E-D053F88EE492}.Release|Any CPU.Build.0 = Release|Any CPU
	EndGlobalSection
	GlobalSection(SolutionProperties) = preSolution
		HideSolutionNode = FALSE
	EndGlobalSection
	GlobalSection(ExtensibilityGlobals) = postSolution
		SolutionGuid = {4A499EA7-4C5F-45B8-A8A4-353ED1AE4FD6}
	EndGlobalSection
EndGlobal
